
Microsoft Visual Studio Solution File, Format Version 12.00
# 17
VisualStudioVersion = 17.14.36203.30
MinimumVisualStudioVersion = 10.0.40219.1
Project("{9A19103F-16F7-4668-BE54-9A1E7A4F7556}") = "Sieve", "GhPlugins\Sieve.csproj", "{779C0784-D9B9-4925-BC79-BC96EB83DA9A}"
EndProject
Global
	GlobalSection(SolutionConfigurationPlatforms) = preSolution
		Debug|Any CPU = Debug|Any CPU
		Release|Any CPU = Release|Any CPU
	EndGlobalSection
	GlobalSection(ProjectConfigurationPlatforms) = postSolution
		{779C0784-D9B9-4925-BC79-BC96EB83DA9A}.Debug|Any CPU.ActiveCfg = Debug|Any CPU
		{779C0784-D9B9-4925-BC79-BC96EB83DA9A}.Debug|Any CPU.Build.0 = Debug|Any CPU
		{779C0784-D9B9-4925-BC79-BC96EB83DA9A}.Release|Any CPU.ActiveCfg = Release|Any CPU
		{779C0784-D9B9-4925-BC79-BC96EB83DA9A}.Release|Any CPU.Build.0 = Release|Any CPU
	EndGlobalSection
	GlobalSection(SolutionProperties) = preSolution
		HideSolutionNode = FALSE
	EndGlobalSection
	GlobalSection(ExtensibilityGlobals) = postSolution
		SolutionGuid = {7A834F42-C68D-461C-BE14-6A4FD1A61B76}
	EndGlobalSection
EndGlobal
